# THIS IS AN AUTOGENERATED FILE. DO NOT EDIT THIS FILE DIRECTLY.
# yarn lockfile v1


"@ezuikit/utils-tools@2.0.5":
  version "2.0.5"
  resolved "https://registry.yarnpkg.com/@ezuikit/utils-tools/-/utils-tools-2.0.5.tgz#81edb936af448d52e61aa7425d7faa4ec1100bd0"
  integrity sha512-7SR3kKQdColQ+Rz/PPaLzHi8Yv3RuhFUh3iMymonlO95OJSZBgjaTSX5QNeTnZIi57soNVoHByR4tS/JbMA4Wg==
